
Microsoft Visual Studio Solution File, Format Version 12.00
# Visual Studio 15
VisualStudioVersion = 15.0.28010.2026
MinimumVisualStudioVersion = 10.0.40219.1
Project("{FAE04EC0-301F-11D3-BF4B-00C04F79EFBC}") = "Homework 5", "Homework 5\Homework 5.csproj", "{B502A9B0-FBC8-4561-804D-3A66C57F89E3}"
EndProject
Global
	GlobalSection(SolutionConfigurationPlatforms) = preSolution
		Debug|Any CPU = Debug|Any CPU
		Release|Any CPU = Release|Any CPU
	EndGlobalSection
	GlobalSection(ProjectConfigurationPlatforms) = postSolution
		{B502A9B0-FBC8-4561-804D-3A66C57F89E3}.Debug|Any CPU.ActiveCfg = Debug|Any CPU
		{B502A9B0-FBC8-4561-804D-3A66C57F89E3}.Debug|Any CPU.Build.0 = Debug|Any CPU
		{B502A9B0-FBC8-4561-804D-3A66C57F89E3}.Release|Any CPU.ActiveCfg = Release|Any CPU
		{B502A9B0-FBC8-4561-804D-3A66C57F89E3}.Release|Any CPU.Build.0 = Release|Any CPU
	EndGlobalSection
	GlobalSection(SolutionProperties) = preSolution
		HideSolutionNode = FALSE
	EndGlobalSection
	GlobalSection(ExtensibilityGlobals) = postSolution
		SolutionGuid = {70FF9340-BF67-41FB-B0AC-22F36F520720}
	EndGlobalSection
EndGlobal
